# THIS IS AN AUTOGENERATED FILE. DO NOT EDIT THIS FILE DIRECTLY.
# yarn lockfile v1


d3-array@^1.2.0:
  version "1.2.0"
  resolved "https://registry.yarnpkg.com/d3-array/-/d3-array-1.2.0.tgz#147d269720e174c4057a7f42be8b0f3f2ba53108"

d3-brush@^1.0.4:
  version "1.0.4"
  resolved "https://registry.yarnpkg.com/d3-brush/-/d3-brush-1.0.4.tgz#00c2f238019f24f6c0a194a26d41a1530ffe7bc4"
  dependencies:
    d3-dispatch "1"
    d3-drag "1"
    d3-interpolate "1"
    d3-selection "1"
    d3-transition "1"

d3-collection@1:
  version "1.0.4"
  resolved "https://registry.yarnpkg.com/d3-collection/-/d3-collection-1.0.4.tgz#342dfd12837c90974f33f1cc0a785aea570dcdc2"

d3-color@1:
  version "1.0.3"
  resolved "https://registry.yarnpkg.com/d3-color/-/d3-color-1.0.3.tgz#bc7643fca8e53a8347e2fbdaffa236796b58509b"

d3-dispatch@1:
  version "1.0.3"
  resolved "https://registry.yarnpkg.com/d3-dispatch/-/d3-dispatch-1.0.3.tgz#46e1491eaa9b58c358fce5be4e8bed626e7871f8"

d3-drag@1:
  version "1.1.0"
  resolved "https://registry.yarnpkg.com/d3-drag/-/d3-drag-1.1.0.tgz#4a49b4d77a42e9e3d5a0ef3b492b14aaa2e5a733"
  dependencies:
    d3-dispatch "1"
    d3-selection "1"

d3-ease@1:
  version "1.0.3"
  resolved "https://registry.yarnpkg.com/d3-ease/-/d3-ease-1.0.3.tgz#68bfbc349338a380c44d8acc4fbc3304aa2d8c0e"

d3-format@1:
  version "1.2.0"
  resolved "https://registry.yarnpkg.com/d3-format/-/d3-format-1.2.0.tgz#6b480baa886885d4651dc248a8f4ac9da16db07a"

d3-interpolate@1:
  version "1.1.5"
  resolved "https://registry.yarnpkg.com/d3-interpolate/-/d3-interpolate-1.1.5.tgz#69e099ff39214716e563c9aec3ea9d1ea4b8a79f"
  dependencies:
    d3-color "1"

d3-scale@^1.0.6:
  version "1.0.6"
  resolved "https://registry.yarnpkg.com/d3-scale/-/d3-scale-1.0.6.tgz#bce19da80d3a0cf422c9543ae3322086220b34ed"
  dependencies:
    d3-array "^1.2.0"
    d3-collection "1"
    d3-color "1"
    d3-format "1"
    d3-interpolate "1"
    d3-time "1"
    d3-time-format "2"

d3-selection@1, d3-selection@^1.1.0:
  version "1.1.0"
  resolved "https://registry.yarnpkg.com/d3-selection/-/d3-selection-1.1.0.tgz#1998684896488f839ca0372123da34f1d318809c"

d3-time-format@2:
  version "2.0.5"
  resolved "https://registry.yarnpkg.com/d3-time-format/-/d3-time-format-2.0.5.tgz#9d7780204f7c9119c9170b1a56db4de9a8af972e"
  dependencies:
    d3-time "1"

d3-time@1:
  version "1.0.7"
  resolved "https://registry.yarnpkg.com/d3-time/-/d3-time-1.0.7.tgz#94caf6edbb7879bb809d0d1f7572bc48482f7270"

d3-timer@1:
  version "1.0.6"
  resolved "https://registry.yarnpkg.com/d3-timer/-/d3-timer-1.0.6.tgz#4044bf15d7025c06ce7d1149f73cd07b54dbd784"

d3-transition@1:
  version "1.1.0"
  resolved "https://registry.yarnpkg.com/d3-transition/-/d3-transition-1.1.0.tgz#cfc85c74e5239324290546623572990560c3966f"
  dependencies:
    d3-color "1"
    d3-dispatch "1"
    d3-ease "1"
    d3-interpolate "1"
    d3-selection "^1.1.0"
    d3-timer "1"

moment@^2.18.1:
  version "2.18.1"
  resolved "https://registry.yarnpkg.com/moment/-/moment-2.18.1.tgz#c36193dd3ce1c2eed2adb7c802dbbc77a81b1c0f"
